{
  "name": "blackhole",
  "version": "1.0.0",
  "lockfileVersion": 1,
  "requires": true,
  "dependencies": {
    "asyncnodejlasri": {
      "version": "1.0.0",
      "resolved": "https://registry.npmjs.org/asyncnodejlasri/-/asyncnodejlasri-1.0.0.tgz",
      "integrity": "sha512-vsRIpED8Jd5GZkkYjviViR66hNKDbnHo7sBVCFpZWe5Rhow1TpxsSOl1XVhGpwztIBmpOCIB0QiW8XiltiNQYw=="
    }
  }
}
